// !$*UTF8*$!
{
	archiveVersion = 1;
	classes = {
	};
	objectVersion = 50;
	objects = {

/* Begin PBXBuildFile section */
		DA1F277625AF1FE400CC35A6 /* AppDelegate.swift in Sources */ = {isa = PBXBuildFile; fileRef = DA1F277525AF1FE400CC35A6 /* AppDelegate.swift */; };
		DA1F277825AF1FE400CC35A6 /* SceneDelegate.swift in Sources */ = {isa = PBXBuildFile; fileRef = DA1F277725AF1FE400CC35A6 /* SceneDelegate.swift */; };
		DA1F277A25AF1FE400CC35A6 /* ViewController.swift in Sources */ = {isa = PBXBuildFile; fileRef = DA1F277925AF1FE400CC35A6 /* ViewController.swift */; };
		DA1F277D25AF1FE400CC35A6 /* Main.storyboard in Resources */ = {isa = PBXBuildFile; fileRef = DA1F277B25AF1FE400CC35A6 /* Main.storyboard */; };
		DA1F277F25AF1FE400CC35A6 /* Assets.xcassets in Resources */ = {isa = PBXBuildFile; fileRef = DA1F277E25AF1FE400CC35A6 /* Assets.xcassets */; };
		DA1F278225AF1FE400CC35A6 /* LaunchScreen.storyboard in Resources */ = {isa = PBXBuildFile; fileRef = DA1F278025AF1FE400CC35A6 /* LaunchScreen.storyboard */; };
		DA1F278D25AF1FE500CC35A6 /* ProjectSetupDemoTests.swift in Sources */ = {isa = PBXBuildFile; fileRef = DA1F278C25AF1FE500CC35A6 /* ProjectSetupDemoTests.swift */; };
		DA1F279825AF1FE500CC35A6 /* ProjectSetupDemoUITests.swift in Sources */ = {isa = PBXBuildFile; fileRef = DA1F279725AF1FE500CC35A6 /* ProjectSetupDemoUITests.swift */; };
		DA1F27FB25AF6BF800CC35A6 /* SnapshotHelper.swift in Sources */ = {isa = PBXBuildFile; fileRef = DA1F27FA25AF6BF800CC35A6 /* SnapshotHelper.swift */; };
/* End PBXBuildFile section */

/* Begin PBXContainerItemProxy section */
		DA1F278925AF1FE500CC35A6 /* PBXContainerItemProxy */ = {
			isa = PBXContainerItemProxy;
			containerPortal = DA1F276A25AF1FE400CC35A6 /* Project object */;
			proxyType = 1;
			remoteGlobalIDString = DA1F277125AF1FE400CC35A6;
			remoteInfo = ProjectSetupDemo;
		};
		DA1F279425AF1FE500CC35A6 /* PBXContainerItemProxy */ = {
			isa = PBXContainerItemProxy;
			containerPortal = DA1F276A25AF1FE400CC35A6 /* Project object */;
			proxyType = 1;
			remoteGlobalIDString = DA1F277125AF1FE400CC35A6;
			remoteInfo = ProjectSetupDemo;
		};
/* End PBXContainerItemProxy section */

/* Begin PBXFileReference section */
		DA1F277225AF1FE400CC35A6 /* ProjectSetupDemo.app */ = {isa = PBXFileReference; explicitFileType = wrapper.application; includeInIndex = 0; path = ProjectSetupDemo.app; sourceTree = BUILT_PRODUCTS_DIR; };
		DA1F277525AF1FE400CC35A6 /* AppDelegate.swift */ = {isa = PBXFileReference; lastKnownFileType = sourcecode.swift; path = AppDelegate.swift; sourceTree = "<group>"; };
		DA1F277725AF1FE400CC35A6 /* SceneDelegate.swift */ = {isa = PBXFileReference; lastKnownFileType = sourcecode.swift; path = SceneDelegate.swift; sourceTree = "<group>"; };
		DA1F277925AF1FE400CC35A6 /* ViewController.swift */ = {isa = PBXFileReference; lastKnownFileType = sourcecode.swift; path = ViewController.swift; sourceTree = "<group>"; };
		DA1F277C25AF1FE400CC35A6 /* Base */ = {isa = PBXFileReference; lastKnownFileType = file.storyboard; name = Base; path = Base.lproj/Main.storyboard; sourceTree = "<group>"; };
		DA1F277E25AF1FE400CC35A6 /* Assets.xcassets */ = {isa = PBXFileReference; lastKnownFileType = folder.assetcatalog; path = Assets.xcassets; sourceTree = "<group>"; };
		DA1F278125AF1FE400CC35A6 /* Base */ = {isa = PBXFileReference; lastKnownFileType = file.storyboard; name = Base; path = Base.lproj/LaunchScreen.storyboard; sourceTree = "<group>"; };
		DA1F278325AF1FE400CC35A6 /* Info.plist */ = {isa = PBXFileReference; lastKnownFileType = text.plist.xml; path = Info.plist; sourceTree = "<group>"; };
		DA1F278825AF1FE500CC35A6 /* ProjectSetupDemoTests.xctest */ = {isa = PBXFileReference; explicitFileType = wrapper.cfbundle; includeInIndex = 0; path = ProjectSetupDemoTests.xctest; sourceTree = BUILT_PRODUCTS_DIR; };
		DA1F278C25AF1FE500CC35A6 /* ProjectSetupDemoTests.swift */ = {isa = PBXFileReference; lastKnownFileType = sourcecode.swift; path = ProjectSetupDemoTests.swift; sourceTree = "<group>"; };
		DA1F278E25AF1FE500CC35A6 /* Info.plist */ = {isa = PBXFileReference; lastKnownFileType = text.plist.xml; path = Info.plist; sourceTree = "<group>"; };
		DA1F279325AF1FE500CC35A6 /* ProjectSetupDemoUITests.xctest */ = {isa = PBXFileReference; explicitFileType = wrapper.cfbundle; includeInIndex = 0; path = ProjectSetupDemoUITests.xctest; sourceTree = BUILT_PRODUCTS_DIR; };
		DA1F279725AF1FE500CC35A6 /* ProjectSetupDemoUITests.swift */ = {isa = PBXFileReference; lastKnownFileType = sourcecode.swift; path = ProjectSetupDemoUITests.swift; sourceTree = "<group>"; };
		DA1F279925AF1FE500CC35A6 /* Info.plist */ = {isa = PBXFileReference; lastKnownFileType = text.plist.xml; path = Info.plist; sourceTree = "<group>"; };
		DA1F27FA25AF6BF800CC35A6 /* SnapshotHelper.swift */ = {isa = PBXFileReference; fileEncoding = 4; lastKnownFileType = sourcecode.swift; name = SnapshotHelper.swift; path = fastlane/SnapshotHelper.swift; sourceTree = SOURCE_ROOT; };
/* End PBXFileReference section */

/* Begin PBXFrameworksBuildPhase section */
		DA1F276F25AF1FE400CC35A6 /* Frameworks */ = {
			isa = PBXFrameworksBuildPhase;
			buildActionMask = 2147483647;
			files = (
			);
			runOnlyForDeploymentPostprocessing = 0;
		};
		DA1F278525AF1FE500CC35A6 /* Frameworks */ = {
			isa = PBXFrameworksBuildPhase;
			buildActionMask = 2147483647;
			files = (
			);
			runOnlyForDeploymentPostprocessing = 0;
		};
		DA1F279025AF1FE500CC35A6 /* Frameworks */ = {
			isa = PBXFrameworksBuildPhase;
			buildActionMask = 2147483647;
			files = (
			);
			runOnlyForDeploymentPostprocessing = 0;
		};
/* End PBXFrameworksBuildPhase section */

/* Begin PBXGroup section */
		DA1F276925AF1FE400CC35A6 = {
			isa = PBXGroup;
			children = (
				DA1F277425AF1FE400CC35A6 /* ProjectSetupDemo */,
				DA1F278B25AF1FE500CC35A6 /* ProjectSetupDemoTests */,
				DA1F279625AF1FE500CC35A6 /* ProjectSetupDemoUITests */,
				DA1F277325AF1FE400CC35A6 /* Products */,
			);
			sourceTree = "<group>";
		};
		DA1F277325AF1FE400CC35A6 /* Products */ = {
			isa = PBXGroup;
			children = (
				DA1F277225AF1FE400CC35A6 /* ProjectSetupDemo.app */,
				DA1F278825AF1FE500CC35A6 /* ProjectSetupDemoTests.xctest */,
				DA1F279325AF1FE500CC35A6 /* ProjectSetupDemoUITests.xctest */,
			);
			name = Products;
			sourceTree = "<group>";
		};
		DA1F277425AF1FE400CC35A6 /* ProjectSetupDemo */ = {
			isa = PBXGroup;
			children = (
				DA1F277525AF1FE400CC35A6 /* AppDelegate.swift */,
				DA1F277725AF1FE400CC35A6 /* SceneDelegate.swift */,
				DA1F277925AF1FE400CC35A6 /* ViewController.swift */,
				DA1F277B25AF1FE400CC35A6 /* Main.storyboard */,
				DA1F277E25AF1FE400CC35A6 /* Assets.xcassets */,
				DA1F278025AF1FE400CC35A6 /* LaunchScreen.storyboard */,
				DA1F278325AF1FE400CC35A6 /* Info.plist */,
			);
			path = ProjectSetupDemo;
			sourceTree = "<group>";
		};
		DA1F278B25AF1FE500CC35A6 /* ProjectSetupDemoTests */ = {
			isa = PBXGroup;
			children = (
				DA1F278C25AF1FE500CC35A6 /* ProjectSetupDemoTests.swift */,
				DA1F278E25AF1FE500CC35A6 /* Info.plist */,
			);
			path = ProjectSetupDemoTests;
			sourceTree = "<group>";
		};
		DA1F279625AF1FE500CC35A6 /* ProjectSetupDemoUITests */ = {
			isa = PBXGroup;
			children = (
				DA1F27FA25AF6BF800CC35A6 /* SnapshotHelper.swift */,
				DA1F279725AF1FE500CC35A6 /* ProjectSetupDemoUITests.swift */,
				DA1F279925AF1FE500CC35A6 /* Info.plist */,
			);
			path = ProjectSetupDemoUITests;
			sourceTree = "<group>";
		};
/* End PBXGroup section */

/* Begin PBXNativeTarget section */
		DA1F277125AF1FE400CC35A6 /* ProjectSetupDemo */ = {
			isa = PBXNativeTarget;
			buildConfigurationList = DA1F279C25AF1FE500CC35A6 /* Build configuration list for PBXNativeTarget "ProjectSetupDemo" */;
			buildPhases = (
				DA1F276E25AF1FE400CC35A6 /* Sources */,
				DA1F276F25AF1FE400CC35A6 /* Frameworks */,
				DA1F277025AF1FE400CC35A6 /* Resources */,
			);
			buildRules = (
			);
			dependencies = (
			);
			name = ProjectSetupDemo;
			productName = ProjectSetupDemo;
			productReference = DA1F277225AF1FE400CC35A6 /* ProjectSetupDemo.app */;
			productType = "com.apple.product-type.application";
		};
		DA1F278725AF1FE500CC35A6 /* ProjectSetupDemoTests */ = {
			isa = PBXNativeTarget;
			buildConfigurationList = DA1F279F25AF1FE500CC35A6 /* Build configuration list for PBXNativeTarget "ProjectSetupDemoTests" */;
			buildPhases = (
				DA1F278425AF1FE500CC35A6 /* Sources */,
				DA1F278525AF1FE500CC35A6 /* Frameworks */,
				DA1F278625AF1FE500CC35A6 /* Resources */,
			);
			buildRules = (
			);
			dependencies = (
				DA1F278A25AF1FE500CC35A6 /* PBXTargetDependency */,
			);
			name = ProjectSetupDemoTests;
			productName = ProjectSetupDemoTests;
			productReference = DA1F278825AF1FE500CC35A6 /* ProjectSetupDemoTests.xctest */;
			productType = "com.apple.product-type.bundle.unit-test";
		};
		DA1F279225AF1FE500CC35A6 /* ProjectSetupDemoUITests */ = {
			isa = PBXNativeTarget;
			buildConfigurationList = DA1F27A225AF1FE500CC35A6 /* Build configuration list for PBXNativeTarget "ProjectSetupDemoUITests" */;
			buildPhases = (
				DA1F278F25AF1FE500CC35A6 /* Sources */,
				DA1F279025AF1FE500CC35A6 /* Frameworks */,
				DA1F279125AF1FE500CC35A6 /* Resources */,
			);
			buildRules = (
			);
			dependencies = (
				DA1F279525AF1FE500CC35A6 /* PBXTargetDependency */,
			);
			name = ProjectSetupDemoUITests;
			productName = ProjectSetupDemoUITests;
			productReference = DA1F279325AF1FE500CC35A6 /* ProjectSetupDemoUITests.xctest */;
			productType = "com.apple.product-type.bundle.ui-testing";
		};
/* End PBXNativeTarget section */

/* Begin PBXProject section */
		DA1F276A25AF1FE400CC35A6 /* Project object */ = {
			isa = PBXProject;
			attributes = {
				LastSwiftUpdateCheck = 1230;
				LastUpgradeCheck = 1230;
				TargetAttributes = {
					DA1F277125AF1FE400CC35A6 = {
						CreatedOnToolsVersion = 12.3;
					};
					DA1F278725AF1FE500CC35A6 = {
						CreatedOnToolsVersion = 12.3;
						TestTargetID = DA1F277125AF1FE400CC35A6;
					};
					DA1F279225AF1FE500CC35A6 = {
						CreatedOnToolsVersion = 12.3;
						TestTargetID = DA1F277125AF1FE400CC35A6;
					};
				};
			};
			buildConfigurationList = DA1F276D25AF1FE400CC35A6 /* Build configuration list for PBXProject "ProjectSetupDemo" */;
			compatibilityVersion = "Xcode 9.3";
			developmentRegion = en;
			hasScannedForEncodings = 0;
			knownRegions = (
				en,
				Base,
			);
			mainGroup = DA1F276925AF1FE400CC35A6;
			productRefGroup = DA1F277325AF1FE400CC35A6 /* Products */;
			projectDirPath = "";
			projectRoot = "";
			targets = (
				DA1F277125AF1FE400CC35A6 /* ProjectSetupDemo */,
				DA1F278725AF1FE500CC35A6 /* ProjectSetupDemoTests */,
				DA1F279225AF1FE500CC35A6 /* ProjectSetupDemoUITests */,
			);
		};
/* End PBXProject section */

/* Begin PBXResourcesBuildPhase section */
		DA1F277025AF1FE400CC35A6 /* Resources */ = {
			isa = PBXResourcesBuildPhase;
			buildActionMask = 2147483647;
			files = (
				DA1F278225AF1FE400CC35A6 /* LaunchScreen.storyboard in Resources */,
				DA1F277F25AF1FE400CC35A6 /* Assets.xcassets in Resources */,
				DA1F277D25AF1FE400CC35A6 /* Main.storyboard in Resources */,
			);
			runOnlyForDeploymentPostprocessing = 0;
		};
		DA1F278625AF1FE500CC35A6 /* Resources */ = {
			isa = PBXResourcesBuildPhase;
			buildActionMask = 2147483647;
			files = (
			);
			runOnlyForDeploymentPostprocessing = 0;
		};
		DA1F279125AF1FE500CC35A6 /* Resources */ = {
			isa = PBXResourcesBuildPhase;
			buildActionMask = 2147483647;
			files = (
			);
			runOnlyForDeploymentPostprocessing = 0;
		};
/* End PBXResourcesBuildPhase section */

/* Begin PBXSourcesBuildPhase section */
		DA1F276E25AF1FE400CC35A6 /* Sources */ = {
			isa = PBXSourcesBuildPhase;
			buildActionMask = 2147483647;
			files = (
				DA1F277A25AF1FE400CC35A6 /* ViewController.swift in Sources */,
				DA1F277625AF1FE400CC35A6 /* AppDelegate.swift in Sources */,
				DA1F277825AF1FE400CC35A6 /* SceneDelegate.swift in Sources */,
			);
			runOnlyForDeploymentPostprocessing = 0;
		};
		DA1F278425AF1FE500CC35A6 /* Sources */ = {
			isa = PBXSourcesBuildPhase;
			buildActionMask = 2147483647;
			files = (
				DA1F278D25AF1FE500CC35A6 /* ProjectSetupDemoTests.swift in Sources */,
			);
			runOnlyForDeploymentPostprocessing = 0;
		};
		DA1F278F25AF1FE500CC35A6 /* Sources */ = {
			isa = PBXSourcesBuildPhase;
			buildActionMask = 2147483647;
			files = (
				DA1F279825AF1FE500CC35A6 /* ProjectSetupDemoUITests.swift in Sources */,
				DA1F27FB25AF6BF800CC35A6 /* SnapshotHelper.swift in Sources */,
			);
			runOnlyForDeploymentPostprocessing = 0;
		};
/* End PBXSourcesBuildPhase section */

/* Begin PBXTargetDependency section */
		DA1F278A25AF1FE500CC35A6 /* PBXTargetDependency */ = {
			isa = PBXTargetDependency;
			target = DA1F277125AF1FE400CC35A6 /* ProjectSetupDemo */;
			targetProxy = DA1F278925AF1FE500CC35A6 /* PBXContainerItemProxy */;
		};
		DA1F279525AF1FE500CC35A6 /* PBXTargetDependency */ = {
			isa = PBXTargetDependency;
			target = DA1F277125AF1FE400CC35A6 /* ProjectSetupDemo */;
			targetProxy = DA1F279425AF1FE500CC35A6 /* PBXContainerItemProxy */;
		};
/* End PBXTargetDependency section */

/* Begin PBXVariantGroup section */
		DA1F277B25AF1FE400CC35A6 /* Main.storyboard */ = {
			isa = PBXVariantGroup;
			children = (
				DA1F277C25AF1FE400CC35A6 /* Base */,
			);
			name = Main.storyboard;
			sourceTree = "<group>";
		};
		DA1F278025AF1FE400CC35A6 /* LaunchScreen.storyboard */ = {
			isa = PBXVariantGroup;
			children = (
				DA1F278125AF1FE400CC35A6 /* Base */,
			);
			name = LaunchScreen.storyboard;
			sourceTree = "<group>";
		};
/* End PBXVariantGroup section */

/* Begin XCBuildConfiguration section */
		DA1F279A25AF1FE500CC35A6 /* Debug */ = {
			isa = XCBuildConfiguration;
			buildSettings = {
				ALWAYS_SEARCH_USER_PATHS = NO;
				CLANG_ANALYZER_NONNULL = YES;
				CLANG_ANALYZER_NUMBER_OBJECT_CONVERSION = YES_AGGRESSIVE;
				CLANG_CXX_LANGUAGE_STANDARD = "gnu++14";
				CLANG_CXX_LIBRARY = "libc++";
				CLANG_ENABLE_MODULES = YES;
				CLANG_ENABLE_OBJC_ARC = YES;
				CLANG_ENABLE_OBJC_WEAK = YES;
				CLANG_WARN_BLOCK_CAPTURE_AUTORELEASING = YES;
				CLANG_WARN_BOOL_CONVERSION = YES;
				CLANG_WARN_COMMA = YES;
				CLANG_WARN_CONSTANT_CONVERSION = YES;
				CLANG_WARN_DEPRECATED_OBJC_IMPLEMENTATIONS = YES;
				CLANG_WARN_DIRECT_OBJC_ISA_USAGE = YES_ERROR;
				CLANG_WARN_DOCUMENTATION_COMMENTS = YES;
				CLANG_WARN_EMPTY_BODY = YES;
				CLANG_WARN_ENUM_CONVERSION = YES;
				CLANG_WARN_INFINITE_RECURSION = YES;
				CLANG_WARN_INT_CONVERSION = YES;
				CLANG_WARN_NON_LITERAL_NULL_CONVERSION = YES;
				CLANG_WARN_OBJC_IMPLICIT_RETAIN_SELF = YES;
				CLANG_WARN_OBJC_LITERAL_CONVERSION = YES;
				CLANG_WARN_OBJC_ROOT_CLASS = YES_ERROR;
				CLANG_WARN_QUOTED_INCLUDE_IN_FRAMEWORK_HEADER = YES;
				CLANG_WARN_RANGE_LOOP_ANALYSIS = YES;
				CLANG_WARN_STRICT_PROTOTYPES = YES;
				CLANG_WARN_SUSPICIOUS_MOVE = YES;
				CLANG_WARN_UNGUARDED_AVAILABILITY = YES_AGGRESSIVE;
				CLANG_WARN_UNREACHABLE_CODE = YES;
				CLANG_WARN__DUPLICATE_METHOD_MATCH = YES;
				COPY_PHASE_STRIP = NO;
				DEBUG_INFORMATION_FORMAT = dwarf;
				ENABLE_STRICT_OBJC_MSGSEND = YES;
				ENABLE_TESTABILITY = YES;
				GCC_C_LANGUAGE_STANDARD = gnu11;
				GCC_DYNAMIC_NO_PIC = NO;
				GCC_NO_COMMON_BLOCKS = YES;
				GCC_OPTIMIZATION_LEVEL = 0;
				GCC_PREPROCESSOR_DEFINITIONS = (
					"DEBUG=1",
					"$(inherited)",
				);
				GCC_WARN_64_TO_32_BIT_CONVERSION = YES;
				GCC_WARN_ABOUT_RETURN_TYPE = YES_ERROR;
				GCC_WARN_UNDECLARED_SELECTOR = YES;
				GCC_WARN_UNINITIALIZED_AUTOS = YES_AGGRESSIVE;
				GCC_WARN_UNUSED_FUNCTION = YES;
				GCC_WARN_UNUSED_VARIABLE = YES;
				IPHONEOS_DEPLOYMENT_TARGET = 14.3;
				MTL_ENABLE_DEBUG_INFO = INCLUDE_SOURCE;
				MTL_FAST_MATH = YES;
				ONLY_ACTIVE_ARCH = YES;
				SDKROOT = iphoneos;
				SWIFT_ACTIVE_COMPILATION_CONDITIONS = DEBUG;
				SWIFT_OPTIMIZATION_LEVEL = "-Onone";
			};
			name = Debug;
		};
		DA1F279B25AF1FE500CC35A6 /* Release */ = {
			isa = XCBuildConfiguration;
			buildSettings = {
				ALWAYS_SEARCH_USER_PATHS = NO;
				CLANG_ANALYZER_NONNULL = YES;
				CLANG_ANALYZER_NUMBER_OBJECT_CONVERSION = YES_AGGRESSIVE;
				CLANG_CXX_LANGUAGE_STANDARD = "gnu++14";
				CLANG_CXX_LIBRARY = "libc++";
				CLANG_ENABLE_MODULES = YES;
				CLANG_ENABLE_OBJC_ARC = YES;
				CLANG_ENABLE_OBJC_WEAK = YES;
				CLANG_WARN_BLOCK_CAPTURE_AUTORELEASING = YES;
				CLANG_WARN_BOOL_CONVERSION = YES;
				CLANG_WARN_COMMA = YES;
				CLANG_WARN_CONSTANT_CONVERSION = YES;
				CLANG_WARN_DEPRECATED_OBJC_IMPLEMENTATIONS = YES;
				CLANG_WARN_DIRECT_OBJC_ISA_USAGE = YES_ERROR;
				CLANG_WARN_DOCUMENTATION_COMMENTS = YES;
				CLANG_WARN_EMPTY_BODY = YES;
				CLANG_WARN_ENUM_CONVERSION = YES;
				CLANG_WARN_INFINITE_RECURSION = YES;
				CLANG_WARN_INT_CONVERSION = YES;
				CLANG_WARN_NON_LITERAL_NULL_CONVERSION = YES;
				CLANG_WARN_OBJC_IMPLICIT_RETAIN_SELF = YES;
				CLANG_WARN_OBJC_LITERAL_CONVERSION = YES;
				CLANG_WARN_OBJC_ROOT_CLASS = YES_ERROR;
				CLANG_WARN_QUOTED_INCLUDE_IN_FRAMEWORK_HEADER = YES;
				CLANG_WARN_RANGE_LOOP_ANALYSIS = YES;
				CLANG_WARN_STRICT_PROTOTYPES = YES;
				CLANG_WARN_SUSPICIOUS_MOVE = YES;
				CLANG_WARN_UNGUARDED_AVAILABILITY = YES_AGGRESSIVE;
				CLANG_WARN_UNREACHABLE_CODE = YES;
				CLANG_WARN__DUPLICATE_METHOD_MATCH = YES;
				COPY_PHASE_STRIP = NO;
				DEBUG_INFORMATION_FORMAT = "dwarf-with-dsym";
				ENABLE_NS_ASSERTIONS = NO;
				ENABLE_STRICT_OBJC_MSGSEND = YES;
				GCC_C_LANGUAGE_STANDARD = gnu11;
				GCC_NO_COMMON_BLOCKS = YES;
				GCC_WARN_64_TO_32_BIT_CONVERSION = YES;
				GCC_WARN_ABOUT_RETURN_TYPE = YES_ERROR;
				GCC_WARN_UNDECLARED_SELECTOR = YES;
				GCC_WARN_UNINITIALIZED_AUTOS = YES_AGGRESSIVE;
				GCC_WARN_UNUSED_FUNCTION = YES;
				GCC_WARN_UNUSED_VARIABLE = YES;
				IPHONEOS_DEPLOYMENT_TARGET = 14.3;
				MTL_ENABLE_DEBUG_INFO = NO;
				MTL_FAST_MATH = YES;
				SDKROOT = iphoneos;
				SWIFT_COMPILATION_MODE = wholemodule;
				SWIFT_OPTIMIZATION_LEVEL = "-O";
				VALIDATE_PRODUCT = YES;
			};
			name = Release;
		};
		DA1F279D25AF1FE500CC35A6 /* Debug */ = {
			isa = XCBuildConfiguration;
			buildSettings = {
				ASSETCATALOG_COMPILER_APPICON_NAME = AppIcon;
				ASSETCATALOG_COMPILER_GLOBAL_ACCENT_COLOR_NAME = AccentColor;
				CODE_SIGN_STYLE = Automatic;
				DEVELOPMENT_TEAM = 3YYKXVS8Q5;
				INFOPLIST_FILE = ProjectSetupDemo/Info.plist;
				IPHONEOS_DEPLOYMENT_TARGET = 13.0;
				LD_RUNPATH_SEARCH_PATHS = (
					"$(inherited)",
					"@executable_path/Frameworks",
				);
				PRODUCT_BUNDLE_IDENTIFIER = ch.fhnw.dominicmh.ProjectSetupDemo;
				PRODUCT_NAME = "$(TARGET_NAME)";
				SWIFT_VERSION = 5.0;
				TARGETED_DEVICE_FAMILY = "1,2";
			};
			name = Debug;
		};
		DA1F279E25AF1FE500CC35A6 /* Release */ = {
			isa = XCBuildConfiguration;
			buildSettings = {
				ASSETCATALOG_COMPILER_APPICON_NAME = AppIcon;
				ASSETCATALOG_COMPILER_GLOBAL_ACCENT_COLOR_NAME = AccentColor;
				CODE_SIGN_STYLE = Automatic;
				DEVELOPMENT_TEAM = 3YYKXVS8Q5;
				INFOPLIST_FILE = ProjectSetupDemo/Info.plist;
				IPHONEOS_DEPLOYMENT_TARGET = 13.0;
				LD_RUNPATH_SEARCH_PATHS = (
					"$(inherited)",
					"@executable_path/Frameworks",
				);
				PRODUCT_BUNDLE_IDENTIFIER = ch.fhnw.dominicmh.ProjectSetupDemo;
				PRODUCT_NAME = "$(TARGET_NAME)";
				SWIFT_VERSION = 5.0;
				TARGETED_DEVICE_FAMILY = "1,2";
			};
			name = Release;
		};
		DA1F27A025AF1FE500CC35A6 /* Debug */ = {
			isa = XCBuildConfiguration;
			buildSettings = {
				ALWAYS_EMBED_SWIFT_STANDARD_LIBRARIES = YES;
				BUNDLE_LOADER = "$(TEST_HOST)";
				CODE_SIGN_STYLE = Automatic;
				DEVELOPMENT_TEAM = 3YYKXVS8Q5;
				INFOPLIST_FILE = ProjectSetupDemoTests/Info.plist;
				IPHONEOS_DEPLOYMENT_TARGET = 13.0;
				LD_RUNPATH_SEARCH_PATHS = (
					"$(inherited)",
					"@executable_path/Frameworks",
					"@loader_path/Frameworks",
				);
				PRODUCT_BUNDLE_IDENTIFIER = ch.fhnw.dominicmh.ProjectSetupDemoTests;
				PRODUCT_NAME = "$(TARGET_NAME)";
				SWIFT_VERSION = 5.0;
				TARGETED_DEVICE_FAMILY = "1,2";
				TEST_HOST = "$(BUILT_PRODUCTS_DIR)/ProjectSetupDemo.app/ProjectSetupDemo";
			};
			name = Debug;
		};
		DA1F27A125AF1FE500CC35A6 /* Release */ = {
			isa = XCBuildConfiguration;
			buildSettings = {
				ALWAYS_EMBED_SWIFT_STANDARD_LIBRARIES = YES;
				BUNDLE_LOADER = "$(TEST_HOST)";
				CODE_SIGN_STYLE = Automatic;
				DEVELOPMENT_TEAM = 3YYKXVS8Q5;
				INFOPLIST_FILE = ProjectSetupDemoTests/Info.plist;
				IPHONEOS_DEPLOYMENT_TARGET = 13.0;
				LD_RUNPATH_SEARCH_PATHS = (
					"$(inherited)",
					"@executable_path/Frameworks",
					"@loader_path/Frameworks",
				);
				PRODUCT_BUNDLE_IDENTIFIER = ch.fhnw.dominicmh.ProjectSetupDemoTests;
				PRODUCT_NAME = "$(TARGET_NAME)";
				SWIFT_VERSION = 5.0;
				TARGETED_DEVICE_FAMILY = "1,2";
				TEST_HOST = "$(BUILT_PRODUCTS_DIR)/ProjectSetupDemo.app/ProjectSetupDemo";
			};
			name = Release;
		};
		DA1F27A325AF1FE500CC35A6 /* Debug */ = {
			isa = XCBuildConfiguration;
			buildSettings = {
				ALWAYS_EMBED_SWIFT_STANDARD_LIBRARIES = YES;
				CODE_SIGN_STYLE = Automatic;
				DEVELOPMENT_TEAM = 3YYKXVS8Q5;
				INFOPLIST_FILE = ProjectSetupDemoUITests/Info.plist;
				IPHONEOS_DEPLOYMENT_TARGET = 13.0;
				LD_RUNPATH_SEARCH_PATHS = (
					"$(inherited)",
					"@executable_path/Frameworks",
					"@loader_path/Frameworks",
				);
				PRODUCT_BUNDLE_IDENTIFIER = ch.fhnw.dominicmh.ProjectSetupDemoUITests;
				PRODUCT_NAME = "$(TARGET_NAME)";
				SWIFT_VERSION = 5.0;
				TARGETED_DEVICE_FAMILY = "1,2";
				TEST_TARGET_NAME = ProjectSetupDemo;
			};
			name = Debug;
		};
		DA1F27A425AF1FE500CC35A6 /* Release */ = {
			isa = XCBuildConfiguration;
			buildSettings = {
				ALWAYS_EMBED_SWIFT_STANDARD_LIBRARIES = YES;
				CODE_SIGN_STYLE = Automatic;
				DEVELOPMENT_TEAM = 3YYKXVS8Q5;
				INFOPLIST_FILE = ProjectSetupDemoUITests/Info.plist;
				IPHONEOS_DEPLOYMENT_TARGET = 13.0;
				LD_RUNPATH_SEARCH_PATHS = (
					"$(inherited)",
					"@executable_path/Frameworks",
					"@loader_path/Frameworks",
				);
				PRODUCT_BUNDLE_IDENTIFIER = ch.fhnw.dominicmh.ProjectSetupDemoUITests;
				PRODUCT_NAME = "$(TARGET_NAME)";
				SWIFT_VERSION = 5.0;
				TARGETED_DEVICE_FAMILY = "1,2";
				TEST_TARGET_NAME = ProjectSetupDemo;
			};
			name = Release;
		};
/* End XCBuildConfiguration section */

/* Begin XCConfigurationList section */
		DA1F276D25AF1FE400CC35A6 /* Build configuration list for PBXProject "ProjectSetupDemo" */ = {
			isa = XCConfigurationList;
			buildConfigurations = (
				DA1F279A25AF1FE500CC35A6 /* Debug */,
				DA1F279B25AF1FE500CC35A6 /* Release */,
			);
			defaultConfigurationIsVisible = 0;
			defaultConfigurationName = Release;
		};
		DA1F279C25AF1FE500CC35A6 /* Build configuration list for PBXNativeTarget "ProjectSetupDemo" */ = {
			isa = XCConfigurationList;
			buildConfigurations = (
				DA1F279D25AF1FE500CC35A6 /* Debug */,
				DA1F279E25AF1FE500CC35A6 /* Release */,
			);
			defaultConfigurationIsVisible = 0;
			defaultConfigurationName = Release;
		};
		DA1F279F25AF1FE500CC35A6 /* Build configuration list for PBXNativeTarget "ProjectSetupDemoTests" */ = {
			isa = XCConfigurationList;
			buildConfigurations = (
				DA1F27A025AF1FE500CC35A6 /* Debug */,
				DA1F27A125AF1FE500CC35A6 /* Release */,
			);
			defaultConfigurationIsVisible = 0;
			defaultConfigurationName = Release;
		};
		DA1F27A225AF1FE500CC35A6 /* Build configuration list for PBXNativeTarget "ProjectSetupDemoUITests" */ = {
			isa = XCConfigurationList;
			buildConfigurations = (
				DA1F27A325AF1FE500CC35A6 /* Debug */,
				DA1F27A425AF1FE500CC35A6 /* Release */,
			);
			defaultConfigurationIsVisible = 0;
			defaultConfigurationName = Release;
		};
/* End XCConfigurationList section */
	};
	rootObject = DA1F276A25AF1FE400CC35A6 /* Project object */;
}
